
Microsoft Visual Studio Solution File, Format Version 12.00
# Visual Studio Version 17
VisualStudioVersion = 17.14.36414.22
MinimumVisualStudioVersion = 10.0.40219.1
Project("{8BC9CEB8-8B4A-11D0-8D11-00A0C91BC942}") = "HelloWorld", "HelloWorld\HelloWorld.vcxproj", "{3C04756D-C323-444E-95DC-686953F81DF6}"
EndProject
Project("{8BC9CEB8-8B4A-11D0-8D11-00A0C91BC942}") = "HelloGLFW", "HelloGLFW\HelloGLFW.vcxproj", "{7B7AE757-4697-4109-9F93-B1178D08DAE7}"
EndProject
Project("{8BC9CEB8-8B4A-11D0-8D11-00A0C91BC942}") = "Application", "Application\Application.vcxproj", "{F504AE9B-0C20-4B49-9070-E1EDB33AE4C4}"
EndProject
Project("{8BC9CEB8-8B4A-11D0-8D11-00A0C91BC942}") = "Plane", "Plane\Plane.vcxproj", "{1A49E641-0CB0-4E8C-BE4F-79106C956461}"
EndProject
Project("{8BC9CEB8-8B4A-11D0-8D11-00A0C91BC942}") = "ADS", "ADS\ADS.vcxproj", "{FA1F6E53-6FCE-4987-8A59-72DB69DCCA46}"
EndProject
Project("{8BC9CEB8-8B4A-11D0-8D11-00A0C91BC942}") = "Phong", "Phong\Phong.vcxproj", "{6CC74548-F837-43E3-AD09-AE3B42268E65}"
EndProject
Project("{8BC9CEB8-8B4A-11D0-8D11-00A0C91BC942}") = "Texture", "Texture\Texture.vcxproj", "{C23D3FDE-A453-42D2-AC79-2521B4ED2F4D}"
EndProject
Project("{8BC9CEB8-8B4A-11D0-8D11-00A0C91BC942}") = "DoubleTexture", "DoubleTexture\DoubleTexture.vcxproj", "{4B4059A9-4C0E-4C43-AA13-BBBFABB690FA}"
EndProject
Project("{8BC9CEB8-8B4A-11D0-8D11-00A0C91BC942}") = "HeightMap", "HeightMap\HeightMap.vcxproj", "{A73486DD-690F-484F-B51F-47ACFE697F3E}"
EndProject
Project("{8BC9CEB8-8B4A-11D0-8D11-00A0C91BC942}") = "Normals", "Normals\Normals.vcxproj", "{6F646520-F631-411E-BABB-A79BD21E3307}"
EndProject
Project("{8BC9CEB8-8B4A-11D0-8D11-00A0C91BC942}") = "BumpM", "BumpM\BumpM.vcxproj", "{3D688A32-026F-443C-8053-B437518D074D}"
EndProject
Global
	GlobalSection(SolutionConfigurationPlatforms) = preSolution
		Debug|x64 = Debug|x64
		Debug|x86 = Debug|x86
		Release|x64 = Release|x64
		Release|x86 = Release|x86
	EndGlobalSection
	GlobalSection(ProjectConfigurationPlatforms) = postSolution
		{3C04756D-C323-444E-95DC-686953F81DF6}.Debug|x64.ActiveCfg = Debug|x64
		{3C04756D-C323-444E-95DC-686953F81DF6}.Debug|x64.Build.0 = Debug|x64
		{3C04756D-C323-444E-95DC-686953F81DF6}.Debug|x86.ActiveCfg = Debug|Win32
		{3C04756D-C323-444E-95DC-686953F81DF6}.Debug|x86.Build.0 = Debug|Win32
		{3C04756D-C323-444E-95DC-686953F81DF6}.Release|x64.ActiveCfg = Release|x64
		{3C04756D-C323-444E-95DC-686953F81DF6}.Release|x64.Build.0 = Release|x64
		{3C04756D-C323-444E-95DC-686953F81DF6}.Release|x86.ActiveCfg = Release|Win32
		{3C04756D-C323-444E-95DC-686953F81DF6}.Release|x86.Build.0 = Release|Win32
		{7B7AE757-4697-4109-9F93-B1178D08DAE7}.Debug|x64.ActiveCfg = Debug|x64
		{7B7AE757-4697-4109-9F93-B1178D08DAE7}.Debug|x64.Build.0 = Debug|x64
		{7B7AE757-4697-4109-9F93-B1178D08DAE7}.Debug|x86.ActiveCfg = Debug|Win32
		{7B7AE757-4697-4109-9F93-B1178D08DAE7}.Debug|x86.Build.0 = Debug|Win32
		{7B7AE757-4697-4109-9F93-B1178D08DAE7}.Release|x64.ActiveCfg = Release|x64
		{7B7AE757-4697-4109-9F93-B1178D08DAE7}.Release|x64.Build.0 = Release|x64
		{7B7AE757-4697-4109-9F93-B1178D08DAE7}.Release|x86.ActiveCfg = Release|Win32
		{7B7AE757-4697-4109-9F93-B1178D08DAE7}.Release|x86.Build.0 = Release|Win32
		{F504AE9B-0C20-4B49-9070-E1EDB33AE4C4}.Debug|x64.ActiveCfg = Debug|x64
		{F504AE9B-0C20-4B49-9070-E1EDB33AE4C4}.Debug|x64.Build.0 = Debug|x64
		{F504AE9B-0C20-4B49-9070-E1EDB33AE4C4}.Debug|x86.ActiveCfg = Debug|Win32
		{F504AE9B-0C20-4B49-9070-E1EDB33AE4C4}.Debug|x86.Build.0 = Debug|Win32
		{F504AE9B-0C20-4B49-9070-E1EDB33AE4C4}.Release|x64.ActiveCfg = Release|x64
		{F504AE9B-0C20-4B49-9070-E1EDB33AE4C4}.Release|x64.Build.0 = Release|x64
		{F504AE9B-0C20-4B49-9070-E1EDB33AE4C4}.Release|x86.ActiveCfg = Release|Win32
		{F504AE9B-0C20-4B49-9070-E1EDB33AE4C4}.Release|x86.Build.0 = Release|Win32
		{1A49E641-0CB0-4E8C-BE4F-79106C956461}.Debug|x64.ActiveCfg = Debug|x64
		{1A49E641-0CB0-4E8C-BE4F-79106C956461}.Debug|x64.Build.0 = Debug|x64
		{1A49E641-0CB0-4E8C-BE4F-79106C956461}.Debug|x86.ActiveCfg = Debug|Win32
		{1A49E641-0CB0-4E8C-BE4F-79106C956461}.Debug|x86.Build.0 = Debug|Win32
		{1A49E641-0CB0-4E8C-BE4F-79106C956461}.Release|x64.ActiveCfg = Release|x64
		{1A49E641-0CB0-4E8C-BE4F-79106C956461}.Release|x64.Build.0 = Release|x64
		{1A49E641-0CB0-4E8C-BE4F-79106C956461}.Release|x86.ActiveCfg = Release|Win32
		{1A49E641-0CB0-4E8C-BE4F-79106C956461}.Release|x86.Build.0 = Release|Win32
		{FA1F6E53-6FCE-4987-8A59-72DB69DCCA46}.Debug|x64.ActiveCfg = Debug|x64
		{FA1F6E53-6FCE-4987-8A59-72DB69DCCA46}.Debug|x64.Build.0 = Debug|x64
		{FA1F6E53-6FCE-4987-8A59-72DB69DCCA46}.Debug|x86.ActiveCfg = Debug|Win32
		{FA1F6E53-6FCE-4987-8A59-72DB69DCCA46}.Debug|x86.Build.0 = Debug|Win32
		{FA1F6E53-6FCE-4987-8A59-72DB69DCCA46}.Release|x64.ActiveCfg = Release|x64
		{FA1F6E53-6FCE-4987-8A59-72DB69DCCA46}.Release|x64.Build.0 = Release|x64
		{FA1F6E53-6FCE-4987-8A59-72DB69DCCA46}.Release|x86.ActiveCfg = Release|Win32
		{FA1F6E53-6FCE-4987-8A59-72DB69DCCA46}.Release|x86.Build.0 = Release|Win32
		{6CC74548-F837-43E3-AD09-AE3B42268E65}.Debug|x64.ActiveCfg = Debug|x64
		{6CC74548-F837-43E3-AD09-AE3B42268E65}.Debug|x64.Build.0 = Debug|x64
		{6CC74548-F837-43E3-AD09-AE3B42268E65}.Debug|x86.ActiveCfg = Debug|Win32
		{6CC74548-F837-43E3-AD09-AE3B42268E65}.Debug|x86.Build.0 = Debug|Win32
		{6CC74548-F837-43E3-AD09-AE3B42268E65}.Release|x64.ActiveCfg = Release|x64
		{6CC74548-F837-43E3-AD09-AE3B42268E65}.Release|x64.Build.0 = Release|x64
		{6CC74548-F837-43E3-AD09-AE3B42268E65}.Release|x86.ActiveCfg = Release|Win32
		{6CC74548-F837-43E3-AD09-AE3B42268E65}.Release|x86.Build.0 = Release|Win32
		{C23D3FDE-A453-42D2-AC79-2521B4ED2F4D}.Debug|x64.ActiveCfg = Debug|x64
		{C23D3FDE-A453-42D2-AC79-2521B4ED2F4D}.Debug|x64.Build.0 = Debug|x64
		{C23D3FDE-A453-42D2-AC79-2521B4ED2F4D}.Debug|x86.ActiveCfg = Debug|Win32
		{C23D3FDE-A453-42D2-AC79-2521B4ED2F4D}.Debug|x86.Build.0 = Debug|Win32
		{C23D3FDE-A453-42D2-AC79-2521B4ED2F4D}.Release|x64.ActiveCfg = Release|x64
		{C23D3FDE-A453-42D2-AC79-2521B4ED2F4D}.Release|x64.Build.0 = Release|x64
		{C23D3FDE-A453-42D2-AC79-2521B4ED2F4D}.Release|x86.ActiveCfg = Release|Win32
		{C23D3FDE-A453-42D2-AC79-2521B4ED2F4D}.Release|x86.Build.0 = Release|Win32
		{4B4059A9-4C0E-4C43-AA13-BBBFABB690FA}.Debug|x64.ActiveCfg = Debug|x64
		{4B4059A9-4C0E-4C43-AA13-BBBFABB690FA}.Debug|x64.Build.0 = Debug|x64
		{4B4059A9-4C0E-4C43-AA13-BBBFABB690FA}.Debug|x86.ActiveCfg = Debug|Win32
		{4B4059A9-4C0E-4C43-AA13-BBBFABB690FA}.Debug|x86.Build.0 = Debug|Win32
		{4B4059A9-4C0E-4C43-AA13-BBBFABB690FA}.Release|x64.ActiveCfg = Release|x64
		{4B4059A9-4C0E-4C43-AA13-BBBFABB690FA}.Release|x64.Build.0 = Release|x64
		{4B4059A9-4C0E-4C43-AA13-BBBFABB690FA}.Release|x86.ActiveCfg = Release|Win32
		{4B4059A9-4C0E-4C43-AA13-BBBFABB690FA}.Release|x86.Build.0 = Release|Win32
		{A73486DD-690F-484F-B51F-47ACFE697F3E}.Debug|x64.ActiveCfg = Debug|x64
		{A73486DD-690F-484F-B51F-47ACFE697F3E}.Debug|x64.Build.0 = Debug|x64
		{A73486DD-690F-484F-B51F-47ACFE697F3E}.Debug|x86.ActiveCfg = Debug|Win32
		{A73486DD-690F-484F-B51F-47ACFE697F3E}.Debug|x86.Build.0 = Debug|Win32
		{A73486DD-690F-484F-B51F-47ACFE697F3E}.Release|x64.ActiveCfg = Release|x64
		{A73486DD-690F-484F-B51F-47ACFE697F3E}.Release|x64.Build.0 = Release|x64
		{A73486DD-690F-484F-B51F-47ACFE697F3E}.Release|x86.ActiveCfg = Release|Win32
		{A73486DD-690F-484F-B51F-47ACFE697F3E}.Release|x86.Build.0 = Release|Win32
		{6F646520-F631-411E-BABB-A79BD21E3307}.Debug|x64.ActiveCfg = Debug|x64
		{6F646520-F631-411E-BABB-A79BD21E3307}.Debug|x64.Build.0 = Debug|x64
		{6F646520-F631-411E-BABB-A79BD21E3307}.Debug|x86.ActiveCfg = Debug|Win32
		{6F646520-F631-411E-BABB-A79BD21E3307}.Debug|x86.Build.0 = Debug|Win32
		{6F646520-F631-411E-BABB-A79BD21E3307}.Release|x64.ActiveCfg = Release|x64
		{6F646520-F631-411E-BABB-A79BD21E3307}.Release|x64.Build.0 = Release|x64
		{6F646520-F631-411E-BABB-A79BD21E3307}.Release|x86.ActiveCfg = Release|Win32
		{6F646520-F631-411E-BABB-A79BD21E3307}.Release|x86.Build.0 = Release|Win32
		{3D688A32-026F-443C-8053-B437518D074D}.Debug|x64.ActiveCfg = Debug|x64
		{3D688A32-026F-443C-8053-B437518D074D}.Debug|x64.Build.0 = Debug|x64
		{3D688A32-026F-443C-8053-B437518D074D}.Debug|x86.ActiveCfg = Debug|Win32
		{3D688A32-026F-443C-8053-B437518D074D}.Debug|x86.Build.0 = Debug|Win32
		{3D688A32-026F-443C-8053-B437518D074D}.Release|x64.ActiveCfg = Release|x64
		{3D688A32-026F-443C-8053-B437518D074D}.Release|x64.Build.0 = Release|x64
		{3D688A32-026F-443C-8053-B437518D074D}.Release|x86.ActiveCfg = Release|Win32
		{3D688A32-026F-443C-8053-B437518D074D}.Release|x86.Build.0 = Release|Win32
	EndGlobalSection
	GlobalSection(SolutionProperties) = preSolution
		HideSolutionNode = FALSE
	EndGlobalSection
	GlobalSection(ExtensibilityGlobals) = postSolution
		SolutionGuid = {B286FF94-17E5-4E1B-BA71-92DA4200E1A8}
	EndGlobalSection
EndGlobal
